
Microsoft Visual Studio Solution File, Format Version 12.00
# Visual Studio 2013
VisualStudioVersion = 12.0.31101.0
MinimumVisualStudioVersion = 10.0.40219.1
Project("{FAE04EC0-301F-11D3-BF4B-00C04F79EFBC}") = "Admin.EntityFramework", "Admin.EntityFramework\Admin.EntityFramework.csproj", "{1DAA1F4F-24EA-4522-9DC0-003612B59BED}"
EndProject
Project("{2150E333-8FDC-42A3-9474-1A3956D46DE8}") = ".nuget", ".nuget", "{69FB7554-DBC9-4DF0-A6EE-8523D0A61B78}"
	ProjectSection(SolutionItems) = preProject
		.nuget\packages.config = .nuget\packages.config
	EndProjectSection
EndProject
Global
	GlobalSection(SolutionConfigurationPlatforms) = preSolution
		Debug|Any CPU = Debug|Any CPU
		Release|Any CPU = Release|Any CPU
	EndGlobalSection
	GlobalSection(ProjectConfigurationPlatforms) = postSolution
		{1DAA1F4F-24EA-4522-9DC0-003612B59BED}.Debug|Any CPU.ActiveCfg = Debug|Any CPU
		{1DAA1F4F-24EA-4522-9DC0-003612B59BED}.Debug|Any CPU.Build.0 = Debug|Any CPU
		{1DAA1F4F-24EA-4522-9DC0-003612B59BED}.Release|Any CPU.ActiveCfg = Release|Any CPU
		{1DAA1F4F-24EA-4522-9DC0-003612B59BED}.Release|Any CPU.Build.0 = Release|Any CPU
	EndGlobalSection
	GlobalSection(SolutionProperties) = preSolution
		HideSolutionNode = FALSE
	EndGlobalSection
EndGlobal
